PODS:
  - Expecta (0.2.1)
  - OCMock (2.2)
  - SLCoreDataStack (0.2.0)

DEPENDENCIES:
  - Expecta (= 0.2.1)
  - OCMock (= 2.2)
  - SLCoreDataStack (>= 0.2.0)

SPEC CHECKSUMS:
  Expecta: d46fb1bd78c90a83da0158b9b1e108de106e369f
  OCMock: 5300ae6b75398fc3ae6cbf9102191333d35f6852
  SLCoreDataStack: 6c65e4f829f32ff3bb596fc01709ec83716932a6

COCOAPODS: 0.22.3
